
Microsoft Visual Studio Solution File, Format Version 12.00
# Visual Studio Version 16
VisualStudioVersion = 16.0.29926.136
MinimumVisualStudioVersion = 10.0.40219.1
Project("{FAE04EC0-301F-11D3-BF4B-00C04F79EFBC}") = "ImageProcessorTest", "ImageProcessorTest.csproj", "{75FB0FBC-F096-42BC-9843-29B13C77E652}"
EndProject
Global
	GlobalSection(SolutionConfigurationPlatforms) = preSolution
		Debug|Any CPU = Debug|Any CPU
		Release|Any CPU = Release|Any CPU
	EndGlobalSection
	GlobalSection(ProjectConfigurationPlatforms) = postSolution
		{75FB0FBC-F096-42BC-9843-29B13C77E652}.Debug|Any CPU.ActiveCfg = Debug|Any CPU
		{75FB0FBC-F096-42BC-9843-29B13C77E652}.Debug|Any CPU.Build.0 = Debug|Any CPU
		{75FB0FBC-F096-42BC-9843-29B13C77E652}.Release|Any CPU.ActiveCfg = Release|Any CPU
		{75FB0FBC-F096-42BC-9843-29B13C77E652}.Release|Any CPU.Build.0 = Release|Any CPU
	EndGlobalSection
	GlobalSection(SolutionProperties) = preSolution
		HideSolutionNode = FALSE
	EndGlobalSection
	GlobalSection(ExtensibilityGlobals) = postSolution
		SolutionGuid = {6F9A65D8-3529-4349-BCFA-2C6395893EC8}
	EndGlobalSection
EndGlobal
